
Microsoft Visual Studio Solution File, Format Version 12.00
# Visual Studio 15
VisualStudioVersion = 15.0.27703.2047
MinimumVisualStudioVersion = 10.0.40219.1
Project("{FAE04EC0-301F-11D3-BF4B-00C04F79EFBC}") = "C18_Ex02", "C18_Ex02\C18_Ex02.csproj", "{50398D3E-AB9B-428A-B82D-639A24CBB305}"
EndProject
Global
	GlobalSection(SolutionConfigurationPlatforms) = preSolution
		Debug|Any CPU = Debug|Any CPU
		Release|Any CPU = Release|Any CPU
	EndGlobalSection
	GlobalSection(ProjectConfigurationPlatforms) = postSolution
		{50398D3E-AB9B-428A-B82D-639A24CBB305}.Debug|Any CPU.ActiveCfg = Debug|Any CPU
		{50398D3E-AB9B-428A-B82D-639A24CBB305}.Debug|Any CPU.Build.0 = Debug|Any CPU
		{50398D3E-AB9B-428A-B82D-639A24CBB305}.Release|Any CPU.ActiveCfg = Release|Any CPU
		{50398D3E-AB9B-428A-B82D-639A24CBB305}.Release|Any CPU.Build.0 = Release|Any CPU
	EndGlobalSection
	GlobalSection(SolutionProperties) = preSolution
		HideSolutionNode = FALSE
	EndGlobalSection
	GlobalSection(ExtensibilityGlobals) = postSolution
		SolutionGuid = {4F0B8B54-A61F-4C85-9298-A990220782BF}
	EndGlobalSection
EndGlobal
